
Microsoft Visual Studio Solution File, Format Version 12.00
# Visual Studio Version 17
VisualStudioVersion = 17.0.31903.59
MinimumVisualStudioVersion = 10.0.40219.1
Project("{2150E333-8FDC-42A3-9474-1A3956D46DE8}") = "src", "src", "{65828D11-9481-44A6-B776-4363D1211720}"
EndProject
Project("{FAE04EC0-301F-11D3-BF4B-00C04F79EFBC}") = "TestDPLS.Core", "src\TestDPLS.Core\TestDPLS.Core.csproj", "{9C09FC20-A083-48FF-B857-2BE027E93008}"
EndProject
Project("{FAE04EC0-301F-11D3-BF4B-00C04F79EFBC}") = "TestDPLS", "src\TestDPLS\TestDPLS.csproj", "{F55C0237-BCC4-49D0-9FE0-737E28926193}"
EndProject
Project("{2150E333-8FDC-42A3-9474-1A3956D46DE8}") = "tests", "tests", "{38C039EB-A4C2-4089-A926-3252E1BAE884}"
EndProject
Project("{FAE04EC0-301F-11D3-BF4B-00C04F79EFBC}") = "TestDPLS.Core.Tests", "tests\TestDPLS.Core.Tests\TestDPLS.Core.Tests.csproj", "{71088DA0-C047-4094-BB20-902F5F040C56}"
EndProject
Global
	GlobalSection(SolutionConfigurationPlatforms) = preSolution
		Debug|Any CPU = Debug|Any CPU
		Release|Any CPU = Release|Any CPU
	EndGlobalSection
	GlobalSection(SolutionProperties) = preSolution
		HideSolutionNode = FALSE
	EndGlobalSection
	GlobalSection(ProjectConfigurationPlatforms) = postSolution
		{9C09FC20-A083-48FF-B857-2BE027E93008}.Debug|Any CPU.ActiveCfg = Debug|Any CPU
		{9C09FC20-A083-48FF-B857-2BE027E93008}.Debug|Any CPU.Build.0 = Debug|Any CPU
		{9C09FC20-A083-48FF-B857-2BE027E93008}.Release|Any CPU.ActiveCfg = Release|Any CPU
		{9C09FC20-A083-48FF-B857-2BE027E93008}.Release|Any CPU.Build.0 = Release|Any CPU
		{F55C0237-BCC4-49D0-9FE0-737E28926193}.Debug|Any CPU.ActiveCfg = Debug|x64
		{F55C0237-BCC4-49D0-9FE0-737E28926193}.Debug|Any CPU.Build.0 = Debug|x64
		{F55C0237-BCC4-49D0-9FE0-737E28926193}.Release|Any CPU.ActiveCfg = Release|x64
		{F55C0237-BCC4-49D0-9FE0-737E28926193}.Release|Any CPU.Build.0 = Release|x64
		{71088DA0-C047-4094-BB20-902F5F040C56}.Debug|Any CPU.ActiveCfg = Debug|Any CPU
		{71088DA0-C047-4094-BB20-902F5F040C56}.Debug|Any CPU.Build.0 = Debug|Any CPU
		{71088DA0-C047-4094-BB20-902F5F040C56}.Release|Any CPU.ActiveCfg = Release|Any CPU
		{71088DA0-C047-4094-BB20-902F5F040C56}.Release|Any CPU.Build.0 = Release|Any CPU
	EndGlobalSection
	GlobalSection(NestedProjects) = preSolution
		{9C09FC20-A083-48FF-B857-2BE027E93008} = {65828D11-9481-44A6-B776-4363D1211720}
		{F55C0237-BCC4-49D0-9FE0-737E28926193} = {65828D11-9481-44A6-B776-4363D1211720}
		{71088DA0-C047-4094-BB20-902F5F040C56} = {38C039EB-A4C2-4089-A926-3252E1BAE884}
	EndGlobalSection
EndGlobal
