// !$*UTF8*$!
{
	archiveVersion = 1;
	classes = {};
	objectVersion = 56;
	objects = {

/* Begin PBXBuildFile section */
		0C0AA1BF11EE44D38827206F /* TestDPLSApp.swift in Sources */ = {isa = PBXBuildFile; fileRef = D5C33CB6E98A40D1BBF1B8DE /* TestDPLSApp.swift */; };
		0B12D835B82C4B68A3788EC7 /* DplsProtocol.swift in Sources */ = {isa = PBXBuildFile; fileRef = 7295D7EE06E944908F935116 /* DplsProtocol.swift */; };
		4606DF811A0049BC8BAA89CA /* DplsModels.swift in Sources */ = {isa = PBXBuildFile; fileRef = 750CC789EBB547C6BB8082DC /* DplsModels.swift */; };
		2221A6A8961C4E5EAF4AAC21 /* DplsCrypto.swift in Sources */ = {isa = PBXBuildFile; fileRef = 31DC35AA4E7349FCA8D5A04C /* DplsCrypto.swift */; };
		FBAEF57B92A84E0B8F54A3F8 /* BleClient.swift in Sources */ = {isa = PBXBuildFile; fileRef = 93040591B8B64AB58A531A5F /* BleClient.swift */; };
		EA4026D4BF0F489EB6856CF6 /* Theme.swift in Sources */ = {isa = PBXBuildFile; fileRef = 82F0326AF0B8466CBEDFCEC3 /* Theme.swift */; };
		D01E2C8136854906AB0C989B /* ContentView.swift in Sources */ = {isa = PBXBuildFile; fileRef = 43DF5F55D6A1485586BD75F1 /* ContentView.swift */; };
		979919D54A524B6283AE5017 /* Screens.swift in Sources */ = {isa = PBXBuildFile; fileRef = A2B1A51DE9E84E519A743993 /* Screens.swift */; };
		1AFE49F8BFAE409DB2513124 /* DplsProtocolTests.swift in Sources */ = {isa = PBXBuildFile; fileRef = 933F2E5FB1F240F5810FFEAC /* DplsProtocolTests.swift */; };
		4C7865B318584F15866C8343 /* Assets.xcassets in Resources */ = {isa = PBXBuildFile; fileRef = 58864AB1A39E4E7C95FA0C1C /* Assets.xcassets */; };
/* End PBXBuildFile section */

/* Begin PBXFileReference section */
		FCD1CF6347BD4858B7FE2E68 /* TestDPLS.app */ = {isa = PBXFileReference; explicitFileType = wrapper.application; includeInIndex = 0; path = TestDPLS.app; sourceTree = BUILT_PRODUCTS_DIR; };
		152F94D88DD1486386C3E5A7 /* TestDPLSTests.xctest */ = {isa = PBXFileReference; explicitFileType = wrapper.cfbundle; includeInIndex = 0; path = TestDPLSTests.xctest; sourceTree = BUILT_PRODUCTS_DIR; };
		D5C33CB6E98A40D1BBF1B8DE /* TestDPLSApp.swift */ = {isa = PBXFileReference; lastKnownFileType = sourcecode.swift; path = TestDPLSApp.swift; sourceTree = "<group>"; };
		7295D7EE06E944908F935116 /* DplsProtocol.swift */ = {isa = PBXFileReference; lastKnownFileType = sourcecode.swift; path = DplsProtocol.swift; sourceTree = "<group>"; };
		750CC789EBB547C6BB8082DC /* DplsModels.swift */ = {isa = PBXFileReference; lastKnownFileType = sourcecode.swift; path = DplsModels.swift; sourceTree = "<group>"; };
		31DC35AA4E7349FCA8D5A04C /* DplsCrypto.swift */ = {isa = PBXFileReference; lastKnownFileType = sourcecode.swift; path = DplsCrypto.swift; sourceTree = "<group>"; };
		93040591B8B64AB58A531A5F /* BleClient.swift */ = {isa = PBXFileReference; lastKnownFileType = sourcecode.swift; path = BleClient.swift; sourceTree = "<group>"; };
		82F0326AF0B8466CBEDFCEC3 /* Theme.swift */ = {isa = PBXFileReference; lastKnownFileType = sourcecode.swift; path = Theme.swift; sourceTree = "<group>"; };
		43DF5F55D6A1485586BD75F1 /* ContentView.swift */ = {isa = PBXFileReference; lastKnownFileType = sourcecode.swift; path = ContentView.swift; sourceTree = "<group>"; };
		A2B1A51DE9E84E519A743993 /* Screens.swift */ = {isa = PBXFileReference; lastKnownFileType = sourcecode.swift; path = Screens.swift; sourceTree = "<group>"; };
		933F2E5FB1F240F5810FFEAC /* DplsProtocolTests.swift */ = {isa = PBXFileReference; lastKnownFileType = sourcecode.swift; path = DplsProtocolTests.swift; sourceTree = "<group>"; };
		58864AB1A39E4E7C95FA0C1C /* Assets.xcassets */ = {isa = PBXFileReference; lastKnownFileType = folder.assetcatalog; path = Assets.xcassets; sourceTree = "<group>"; };
		207D6FEC045C438BAD0D305D /* Info.plist */ = {isa = PBXFileReference; lastKnownFileType = text.plist.xml; path = Info.plist; sourceTree = "<group>"; };
/* End PBXFileReference section */

/* Begin PBXGroup section */
		A2147C94367F4D07B9A3C491 = {
			isa = PBXGroup;
			children = (
				ABF56F07061E474487DA0E5A /* TestDPLS */,
				93621D7FF46547608E269FA6 /* TestDPLSTests */,
				AAA5665C16214DD9A8553E1B /* Products */,
			);
			sourceTree = "<group>";
		};
		AAA5665C16214DD9A8553E1B /* Products */ = {
			isa = PBXGroup;
			children = (
				FCD1CF6347BD4858B7FE2E68 /* TestDPLS.app */,
				152F94D88DD1486386C3E5A7 /* TestDPLSTests.xctest */,
			);
			name = Products;
			sourceTree = "<group>";
		};
		ABF56F07061E474487DA0E5A /* TestDPLS */ = {
			isa = PBXGroup;
			children = (
				D5C33CB6E98A40D1BBF1B8DE /* TestDPLSApp.swift */,
				57E50BB4627349A2BC3F638B /* Protocol */,
				DC94B4159BC34C688C5E73F9 /* BLE */,
				64B0256DE5B842EAA1B6059F /* UI */,
				48B2D70C2028437EA82F5D34 /* Resources */,
				207D6FEC045C438BAD0D305D /* Info.plist */,
			);
			path = TestDPLS;
			sourceTree = "<group>";
		};
		57E50BB4627349A2BC3F638B /* Protocol */ = {
			isa = PBXGroup;
			children = (
				7295D7EE06E944908F935116 /* DplsProtocol.swift */,
			);
			path = Protocol;
			sourceTree = "<group>";
		};
		DC94B4159BC34C688C5E73F9 /* BLE */ = {
			isa = PBXGroup;
			children = (
				750CC789EBB547C6BB8082DC /* DplsModels.swift */,
				31DC35AA4E7349FCA8D5A04C /* DplsCrypto.swift */,
				93040591B8B64AB58A531A5F /* BleClient.swift */,
			);
			path = BLE;
			sourceTree = "<group>";
		};
		64B0256DE5B842EAA1B6059F /* UI */ = {
			isa = PBXGroup;
			children = (
				82F0326AF0B8466CBEDFCEC3 /* Theme.swift */,
				43DF5F55D6A1485586BD75F1 /* ContentView.swift */,
				A2B1A51DE9E84E519A743993 /* Screens.swift */,
			);
			path = UI;
			sourceTree = "<group>";
		};
		48B2D70C2028437EA82F5D34 /* Resources */ = {
			isa = PBXGroup;
			children = (
				58864AB1A39E4E7C95FA0C1C /* Assets.xcassets */,
			);
			path = Resources;
			sourceTree = "<group>";
		};
		93621D7FF46547608E269FA6 /* TestDPLSTests */ = {
			isa = PBXGroup;
			children = (
				933F2E5FB1F240F5810FFEAC /* DplsProtocolTests.swift */,
			);
			path = TestDPLSTests;
			sourceTree = "<group>";
		};
/* End PBXGroup section */

/* Begin PBXNativeTarget section */
		06AAA2B17F8F4E2CA8440E2B /* TestDPLS */ = {
			isa = PBXNativeTarget;
			buildConfigurationList = 8651D5BCBCCD486BB00D7D45 /* Build configuration list for PBXNativeTarget "TestDPLS" */;
			buildPhases = (
				DF7A7CF64AFF498089B610D1 /* Sources */,
				A497984DDB204892A7E77BD4 /* Frameworks */,
				E550F40879E745918DE472EF /* Resources */,
			);
			buildRules = (
			);
			dependencies = (
			);
			name = TestDPLS;
			productName = TestDPLS;
			productReference = FCD1CF6347BD4858B7FE2E68 /* TestDPLS.app */;
			productType = "com.apple.product-type.application";
		};
		195944F5DA8541C29E64D808 /* TestDPLSTests */ = {
			isa = PBXNativeTarget;
			buildConfigurationList = FCBEA4EB4F494DD888B8762E /* Build configuration list for PBXNativeTarget "TestDPLSTests" */;
			buildPhases = (
				EB3E97727E0348C18905D486 /* Sources */,
				639A27920FCD4A609F57F737 /* Frameworks */,
			);
			buildRules = (
			);
			dependencies = (
				61DDC167643F4C628FF7EA40 /* PBXTargetDependency */,
			);
			name = TestDPLSTests;
			productName = TestDPLSTests;
			productReference = 152F94D88DD1486386C3E5A7 /* TestDPLSTests.xctest */;
			productType = "com.apple.product-type.bundle.unit-test";
		};
/* End PBXNativeTarget section */

/* Begin PBXContainerItemProxy section */
		4667ED94752045D2A0A23FDC /* PBXContainerItemProxy */ = {
			isa = PBXContainerItemProxy;
			containerPortal = 2EDF281E5B034670A7DF3183 /* Project object */;
			proxyType = 1;
			remoteGlobalIDString = 06AAA2B17F8F4E2CA8440E2B;
			remoteInfo = TestDPLS;
		};
/* End PBXContainerItemProxy section */

/* Begin PBXTargetDependency section */
		61DDC167643F4C628FF7EA40 /* PBXTargetDependency */ = {
			isa = PBXTargetDependency;
			target = 06AAA2B17F8F4E2CA8440E2B /* TestDPLS */;
			targetProxy = 4667ED94752045D2A0A23FDC /* PBXContainerItemProxy */;
		};
/* End PBXTargetDependency section */

/* Begin PBXProject section */
		2EDF281E5B034670A7DF3183 /* Project object */ = {
			isa = PBXProject;
			attributes = {
				BuildIndependentTargetsInParallel = 1;
				LastSwiftUpdateCheck = 1500;
				LastUpgradeCheck = 1500;
				TargetAttributes = {
					06AAA2B17F8F4E2CA8440E2B = {
						CreatedOnToolsVersion = 15.0;
					};
					195944F5DA8541C29E64D808 = {
						CreatedOnToolsVersion = 15.0;
						TestTargetID = 06AAA2B17F8F4E2CA8440E2B;
					};
				};
			};
			buildConfigurationList = 9AFFB6A865E044B6A806C304 /* Build configuration list for PBXProject "TestDPLS" */;
			compatibilityVersion = "Xcode 14.0";
			developmentRegion = ru;
			hasScannedForEncodings = 0;
			knownRegions = (
				en,
				ru,
				Base,
			);
			mainGroup = A2147C94367F4D07B9A3C491;
			productRefGroup = AAA5665C16214DD9A8553E1B /* Products */;
			projectDirPath = "";
			projectRoot = "";
			targets = (
				06AAA2B17F8F4E2CA8440E2B /* TestDPLS */,
				195944F5DA8541C29E64D808 /* TestDPLSTests */,
			);
		};
/* End PBXProject section */

/* Begin PBXSourcesBuildPhase section */
		DF7A7CF64AFF498089B610D1 /* Sources */ = {
			isa = PBXSourcesBuildPhase;
			buildActionMask = 2147483647;
			files = (
				0C0AA1BF11EE44D38827206F /* TestDPLSApp.swift in Sources */,
				0B12D835B82C4B68A3788EC7 /* DplsProtocol.swift in Sources */,
				4606DF811A0049BC8BAA89CA /* DplsModels.swift in Sources */,
				2221A6A8961C4E5EAF4AAC21 /* DplsCrypto.swift in Sources */,
				FBAEF57B92A84E0B8F54A3F8 /* BleClient.swift in Sources */,
				EA4026D4BF0F489EB6856CF6 /* Theme.swift in Sources */,
				D01E2C8136854906AB0C989B /* ContentView.swift in Sources */,
				979919D54A524B6283AE5017 /* Screens.swift in Sources */,
			);
			runOnlyForDeploymentPostprocessing = 0;
		};
		EB3E97727E0348C18905D486 /* Sources */ = {
			isa = PBXSourcesBuildPhase;
			buildActionMask = 2147483647;
			files = (
				1AFE49F8BFAE409DB2513124 /* DplsProtocolTests.swift in Sources */,
			);
			runOnlyForDeploymentPostprocessing = 0;
		};
/* End PBXSourcesBuildPhase section */

/* Begin PBXResourcesBuildPhase section */
		E550F40879E745918DE472EF /* Resources */ = {
			isa = PBXResourcesBuildPhase;
			buildActionMask = 2147483647;
			files = (
				4C7865B318584F15866C8343 /* Assets.xcassets in Resources */,
			);
			runOnlyForDeploymentPostprocessing = 0;
		};
/* End PBXResourcesBuildPhase section */

/* Begin PBXFrameworksBuildPhase section */
		A497984DDB204892A7E77BD4 /* Frameworks */ = {
			isa = PBXFrameworksBuildPhase;
			buildActionMask = 2147483647;
			files = (
			);
			runOnlyForDeploymentPostprocessing = 0;
		};
		639A27920FCD4A609F57F737 /* Frameworks */ = {
			isa = PBXFrameworksBuildPhase;
			buildActionMask = 2147483647;
			files = (
			);
			runOnlyForDeploymentPostprocessing = 0;
		};
/* End PBXFrameworksBuildPhase section */

/* Begin XCBuildConfiguration section */
		9BCD75AAFCDE4246872D30B4 /* Debug */ = {
			isa = XCBuildConfiguration;
			buildSettings = {
				ALWAYS_SEARCH_USER_PATHS = NO;
				CLANG_ENABLE_MODULES = YES;
				CLANG_ENABLE_OBJC_ARC = YES;
				COPY_PHASE_STRIP = NO;
				DEBUG_INFORMATION_FORMAT = dwarf;
				ENABLE_STRICT_OBJC_MSGSEND = YES;
				GCC_DYNAMIC_NO_PIC = NO;
				GCC_NO_COMMON_BLOCKS = YES;
				IPHONEOS_DEPLOYMENT_TARGET = 16.0;
				ENABLE_TESTABILITY = YES;
				ONLY_ACTIVE_ARCH = YES;
				SDKROOT = iphoneos;
				SWIFT_VERSION = 5.0;
				SWIFT_OPTIMIZATION_LEVEL = "-Onone";
			};
			name = Debug;
		};
		97A67F16F7D34260BE503869 /* Release */ = {
			isa = XCBuildConfiguration;
			buildSettings = {
				ALWAYS_SEARCH_USER_PATHS = NO;
				CLANG_ENABLE_MODULES = YES;
				CLANG_ENABLE_OBJC_ARC = YES;
				COPY_PHASE_STRIP = NO;
				DEBUG_INFORMATION_FORMAT = dwarf;
				ENABLE_STRICT_OBJC_MSGSEND = YES;
				GCC_DYNAMIC_NO_PIC = NO;
				GCC_NO_COMMON_BLOCKS = YES;
				IPHONEOS_DEPLOYMENT_TARGET = 16.0;
				ONLY_ACTIVE_ARCH = NO;
				SDKROOT = iphoneos;
				SWIFT_VERSION = 5.0;
				SWIFT_COMPILATION_MODE = wholemodule;
			};
			name = Release;
		};
		AF9FF920EE1A4B8DB693A7B9 /* Debug */ = {
			isa = XCBuildConfiguration;
			buildSettings = {
				ASSETCATALOG_COMPILER_APPICON_NAME = AppIcon;
				CODE_SIGN_STYLE = Automatic;
				CURRENT_PROJECT_VERSION = 3;
				DEVELOPMENT_TEAM = "";
				GENERATE_INFOPLIST_FILE = NO;
				INFOPLIST_FILE = TestDPLS/Info.plist;
				LD_RUNPATH_SEARCH_PATHS = (
					"$(inherited)",
					"@executable_path/Frameworks",
				);
				MARKETING_VERSION = 1.2.0;
				PRODUCT_BUNDLE_IDENTIFIER = ru.bolid.testdpls;
				PRODUCT_NAME = "$(TARGET_NAME)";
				SUPPORTED_PLATFORMS = "iphoneos iphonesimulator";
				SUPPORTS_MACCATALYST = NO;
				SWIFT_EMIT_LOC_STRINGS = YES;
				TARGETED_DEVICE_FAMILY = 1;
			};
			name = Debug;
		};
		412A9FF37ED34AF99CD2834E /* Release */ = {
			isa = XCBuildConfiguration;
			buildSettings = {
				ASSETCATALOG_COMPILER_APPICON_NAME = AppIcon;
				CODE_SIGN_STYLE = Automatic;
				CURRENT_PROJECT_VERSION = 3;
				DEVELOPMENT_TEAM = "";
				GENERATE_INFOPLIST_FILE = NO;
				INFOPLIST_FILE = TestDPLS/Info.plist;
				LD_RUNPATH_SEARCH_PATHS = (
					"$(inherited)",
					"@executable_path/Frameworks",
				);
				MARKETING_VERSION = 1.2.0;
				PRODUCT_BUNDLE_IDENTIFIER = ru.bolid.testdpls;
				PRODUCT_NAME = "$(TARGET_NAME)";
				SUPPORTED_PLATFORMS = "iphoneos iphonesimulator";
				SUPPORTS_MACCATALYST = NO;
				SWIFT_EMIT_LOC_STRINGS = YES;
				TARGETED_DEVICE_FAMILY = 1;
			};
			name = Release;
		};
		7B0BFF245921459DBE58EE22 /* Debug */ = {
			isa = XCBuildConfiguration;
			buildSettings = {
				BUNDLE_LOADER = "$(TEST_HOST)";
				CODE_SIGN_STYLE = Automatic;
				CURRENT_PROJECT_VERSION = 3;
				GENERATE_INFOPLIST_FILE = YES;
				MARKETING_VERSION = 1.2.0;
				PRODUCT_BUNDLE_IDENTIFIER = ru.bolid.testdpls.tests;
				PRODUCT_NAME = "$(TARGET_NAME)";
				SUPPORTED_PLATFORMS = "iphoneos iphonesimulator";
				SWIFT_EMIT_LOC_STRINGS = NO;
				TARGETED_DEVICE_FAMILY = 1;
				TEST_HOST = "$(BUILT_PRODUCTS_DIR)/TestDPLS.app/$(BUNDLE_EXECUTABLE_FOLDER_PATH)/TestDPLS";
			};
			name = Debug;
		};
		830B02C2D0E8442EA65F059F /* Release */ = {
			isa = XCBuildConfiguration;
			buildSettings = {
				BUNDLE_LOADER = "$(TEST_HOST)";
				CODE_SIGN_STYLE = Automatic;
				CURRENT_PROJECT_VERSION = 3;
				GENERATE_INFOPLIST_FILE = YES;
				MARKETING_VERSION = 1.2.0;
				PRODUCT_BUNDLE_IDENTIFIER = ru.bolid.testdpls.tests;
				PRODUCT_NAME = "$(TARGET_NAME)";
				SUPPORTED_PLATFORMS = "iphoneos iphonesimulator";
				SWIFT_EMIT_LOC_STRINGS = NO;
				TARGETED_DEVICE_FAMILY = 1;
				TEST_HOST = "$(BUILT_PRODUCTS_DIR)/TestDPLS.app/$(BUNDLE_EXECUTABLE_FOLDER_PATH)/TestDPLS";
			};
			name = Release;
		};
/* End XCBuildConfiguration section */

/* Begin XCConfigurationList section */
		9AFFB6A865E044B6A806C304 /* Build configuration list for PBXProject "TestDPLS" */ = {
			isa = XCConfigurationList;
			buildConfigurations = (
				9BCD75AAFCDE4246872D30B4 /* Debug */,
				97A67F16F7D34260BE503869 /* Release */,
			);
			defaultConfigurationIsVisible = 0;
			defaultConfigurationName = Release;
		};
		8651D5BCBCCD486BB00D7D45 /* Build configuration list for PBXNativeTarget "TestDPLS" */ = {
			isa = XCConfigurationList;
			buildConfigurations = (
				AF9FF920EE1A4B8DB693A7B9 /* Debug */,
				412A9FF37ED34AF99CD2834E /* Release */,
			);
			defaultConfigurationIsVisible = 0;
			defaultConfigurationName = Release;
		};
		FCBEA4EB4F494DD888B8762E /* Build configuration list for PBXNativeTarget "TestDPLSTests" */ = {
			isa = XCConfigurationList;
			buildConfigurations = (
				7B0BFF245921459DBE58EE22 /* Debug */,
				830B02C2D0E8442EA65F059F /* Release */,
			);
			defaultConfigurationIsVisible = 0;
			defaultConfigurationName = Release;
		};
/* End XCConfigurationList section */
	};
	rootObject = 2EDF281E5B034670A7DF3183 /* Project object */;
}
